
Microsoft Visual Studio Solution File, Format Version 12.00
# Visual Studio Version 16
VisualStudioVersion = 16.0.31702.278
MinimumVisualStudioVersion = 10.0.40219.1
Project("{8BC9CEB8-8B4A-11D0-8D11-00A0C91BC942}") = "AbsDiff", "AbsDiff\AbsDiff.vcxproj", "{C7FE277F-4F75-462D-A060-F017D4AFEA4B}"
EndProject
Project("{8BC9CEB8-8B4A-11D0-8D11-00A0C91BC942}") = "CtoF", "CtoF\CtoF.vcxproj", "{EBEC6DB8-303B-4AF0-B714-C20A80CBF4B0}"
EndProject
Project("{8BC9CEB8-8B4A-11D0-8D11-00A0C91BC942}") = "EvenOrOdd", "EvenOrOdd\EvenOrOdd.vcxproj", "{0F2B644F-DD5E-40A1-B8B0-00B7AC7C4769}"
EndProject
Project("{8BC9CEB8-8B4A-11D0-8D11-00A0C91BC942}") = "LastDigit", "LastDigit\LastDigit.vcxproj", "{B16AC452-A521-45C9-97BD-19B585E8E5B3}"
EndProject
Project("{8BC9CEB8-8B4A-11D0-8D11-00A0C91BC942}") = "Swap", "Swap\Swap.vcxproj", "{CDE5352D-8465-468F-A11C-2DE945002621}"
EndProject
Project("{8BC9CEB8-8B4A-11D0-8D11-00A0C91BC942}") = "GuessingGame", "GuessingGame\GuessingGame.vcxproj", "{303B04A0-3E73-4D9B-AF07-D2D959CA90E9}"
EndProject
Project("{8BC9CEB8-8B4A-11D0-8D11-00A0C91BC942}") = "ArithmeticProg", "ArithmeticProg\ArithmeticProg.vcxproj", "{1C3D4778-0CDA-4D2F-BAFB-A07ABB13A36D}"
EndProject
Project("{8BC9CEB8-8B4A-11D0-8D11-00A0C91BC942}") = "ReverseCollection", "ReverseCollection\ReverseCollection.vcxproj", "{68B72276-435F-4D34-9A0F-FCC0857AE42E}"
EndProject
Project("{8BC9CEB8-8B4A-11D0-8D11-00A0C91BC942}") = "LinearSearch", "LinearSearch\LinearSearch.vcxproj", "{C613CF70-BCEB-4E00-9123-A9193B0ACF29}"
EndProject
Project("{8BC9CEB8-8B4A-11D0-8D11-00A0C91BC942}") = "Palindrome", "Palindrome\Palindrome.vcxproj", "{10EFEF0D-E741-439B-9E8A-2CE87B432E55}"
EndProject
Project("{8BC9CEB8-8B4A-11D0-8D11-00A0C91BC942}") = "NthBit", "NthBit\NthBit.vcxproj", "{975AD2BF-F226-461E-A963-41584172ACDE}"
EndProject
Project("{8BC9CEB8-8B4A-11D0-8D11-00A0C91BC942}") = "SwapBitwise", "SwapBitwise\SwapBitwise.vcxproj", "{02BDB9B5-DB03-4A54-888E-3946D9162D62}"
EndProject
Project("{8BC9CEB8-8B4A-11D0-8D11-00A0C91BC942}") = "MinMaxSumAvg", "MinMaxSumAvg\MinMaxSumAvg.vcxproj", "{3A321E30-BD40-4D3E-9EDC-4BCC9B2B4752}"
EndProject
Project("{8BC9CEB8-8B4A-11D0-8D11-00A0C91BC942}") = "ConstOrderInherit", "ConstOrderInherit\ConstOrderInherit.vcxproj", "{C65568EA-5EFB-4BC8-B1E4-515EE5CA0ACE}"
EndProject
Project("{8BC9CEB8-8B4A-11D0-8D11-00A0C91BC942}") = "LargestNum", "LargestNum\LargestNum.vcxproj", "{A366C2DE-2848-4D39-82A0-C5AEBF055D95}"
EndProject
Project("{8BC9CEB8-8B4A-11D0-8D11-00A0C91BC942}") = "TemplateSwap", "TemplateSwap\TemplateSwap.vcxproj", "{8D2C1B25-A0DD-420D-86BE-DE8A2A19C65C}"
EndProject
Project("{8BC9CEB8-8B4A-11D0-8D11-00A0C91BC942}") = "CharsInString", "CharsInString\CharsInString.vcxproj", "{39E4AFAB-FCE1-4EBB-B74A-C833672C41E5}"
EndProject
Project("{8BC9CEB8-8B4A-11D0-8D11-00A0C91BC942}") = "Fibonacci", "Fibonacci\Fibonacci.vcxproj", "{D5A0D3D7-BD5D-4120-B024-8F8E1DB2D308}"
EndProject
Global
	GlobalSection(SolutionConfigurationPlatforms) = preSolution
		Debug|x64 = Debug|x64
		Debug|x86 = Debug|x86
		Release|x64 = Release|x64
		Release|x86 = Release|x86
	EndGlobalSection
	GlobalSection(ProjectConfigurationPlatforms) = postSolution
		{C7FE277F-4F75-462D-A060-F017D4AFEA4B}.Debug|x64.ActiveCfg = Debug|x64
		{C7FE277F-4F75-462D-A060-F017D4AFEA4B}.Debug|x64.Build.0 = Debug|x64
		{C7FE277F-4F75-462D-A060-F017D4AFEA4B}.Debug|x86.ActiveCfg = Debug|Win32
		{C7FE277F-4F75-462D-A060-F017D4AFEA4B}.Debug|x86.Build.0 = Debug|Win32
		{C7FE277F-4F75-462D-A060-F017D4AFEA4B}.Release|x64.ActiveCfg = Release|x64
		{C7FE277F-4F75-462D-A060-F017D4AFEA4B}.Release|x64.Build.0 = Release|x64
		{C7FE277F-4F75-462D-A060-F017D4AFEA4B}.Release|x86.ActiveCfg = Release|Win32
		{C7FE277F-4F75-462D-A060-F017D4AFEA4B}.Release|x86.Build.0 = Release|Win32
		{EBEC6DB8-303B-4AF0-B714-C20A80CBF4B0}.Debug|x64.ActiveCfg = Debug|x64
		{EBEC6DB8-303B-4AF0-B714-C20A80CBF4B0}.Debug|x64.Build.0 = Debug|x64
		{EBEC6DB8-303B-4AF0-B714-C20A80CBF4B0}.Debug|x86.ActiveCfg = Debug|Win32
		{EBEC6DB8-303B-4AF0-B714-C20A80CBF4B0}.Debug|x86.Build.0 = Debug|Win32
		{EBEC6DB8-303B-4AF0-B714-C20A80CBF4B0}.Release|x64.ActiveCfg = Release|x64
		{EBEC6DB8-303B-4AF0-B714-C20A80CBF4B0}.Release|x64.Build.0 = Release|x64
		{EBEC6DB8-303B-4AF0-B714-C20A80CBF4B0}.Release|x86.ActiveCfg = Release|Win32
		{EBEC6DB8-303B-4AF0-B714-C20A80CBF4B0}.Release|x86.Build.0 = Release|Win32
		{0F2B644F-DD5E-40A1-B8B0-00B7AC7C4769}.Debug|x64.ActiveCfg = Debug|x64
		{0F2B644F-DD5E-40A1-B8B0-00B7AC7C4769}.Debug|x64.Build.0 = Debug|x64
		{0F2B644F-DD5E-40A1-B8B0-00B7AC7C4769}.Debug|x86.ActiveCfg = Debug|Win32
		{0F2B644F-DD5E-40A1-B8B0-00B7AC7C4769}.Debug|x86.Build.0 = Debug|Win32
		{0F2B644F-DD5E-40A1-B8B0-00B7AC7C4769}.Release|x64.ActiveCfg = Release|x64
		{0F2B644F-DD5E-40A1-B8B0-00B7AC7C4769}.Release|x64.Build.0 = Release|x64
		{0F2B644F-DD5E-40A1-B8B0-00B7AC7C4769}.Release|x86.ActiveCfg = Release|Win32
		{0F2B644F-DD5E-40A1-B8B0-00B7AC7C4769}.Release|x86.Build.0 = Release|Win32
		{B16AC452-A521-45C9-97BD-19B585E8E5B3}.Debug|x64.ActiveCfg = Debug|x64
		{B16AC452-A521-45C9-97BD-19B585E8E5B3}.Debug|x64.Build.0 = Debug|x64
		{B16AC452-A521-45C9-97BD-19B585E8E5B3}.Debug|x86.ActiveCfg = Debug|Win32
		{B16AC452-A521-45C9-97BD-19B585E8E5B3}.Debug|x86.Build.0 = Debug|Win32
		{B16AC452-A521-45C9-97BD-19B585E8E5B3}.Release|x64.ActiveCfg = Release|x64
		{B16AC452-A521-45C9-97BD-19B585E8E5B3}.Release|x64.Build.0 = Release|x64
		{B16AC452-A521-45C9-97BD-19B585E8E5B3}.Release|x86.ActiveCfg = Release|Win32
		{B16AC452-A521-45C9-97BD-19B585E8E5B3}.Release|x86.Build.0 = Release|Win32
		{CDE5352D-8465-468F-A11C-2DE945002621}.Debug|x64.ActiveCfg = Debug|x64
		{CDE5352D-8465-468F-A11C-2DE945002621}.Debug|x64.Build.0 = Debug|x64
		{CDE5352D-8465-468F-A11C-2DE945002621}.Debug|x86.ActiveCfg = Debug|Win32
		{CDE5352D-8465-468F-A11C-2DE945002621}.Debug|x86.Build.0 = Debug|Win32
		{CDE5352D-8465-468F-A11C-2DE945002621}.Release|x64.ActiveCfg = Release|x64
		{CDE5352D-8465-468F-A11C-2DE945002621}.Release|x64.Build.0 = Release|x64
		{CDE5352D-8465-468F-A11C-2DE945002621}.Release|x86.ActiveCfg = Release|Win32
		{CDE5352D-8465-468F-A11C-2DE945002621}.Release|x86.Build.0 = Release|Win32
		{303B04A0-3E73-4D9B-AF07-D2D959CA90E9}.Debug|x64.ActiveCfg = Debug|x64
		{303B04A0-3E73-4D9B-AF07-D2D959CA90E9}.Debug|x64.Build.0 = Debug|x64
		{303B04A0-3E73-4D9B-AF07-D2D959CA90E9}.Debug|x86.ActiveCfg = Debug|Win32
		{303B04A0-3E73-4D9B-AF07-D2D959CA90E9}.Debug|x86.Build.0 = Debug|Win32
		{303B04A0-3E73-4D9B-AF07-D2D959CA90E9}.Release|x64.ActiveCfg = Release|x64
		{303B04A0-3E73-4D9B-AF07-D2D959CA90E9}.Release|x64.Build.0 = Release|x64
		{303B04A0-3E73-4D9B-AF07-D2D959CA90E9}.Release|x86.ActiveCfg = Release|Win32
		{303B04A0-3E73-4D9B-AF07-D2D959CA90E9}.Release|x86.Build.0 = Release|Win32
		{1C3D4778-0CDA-4D2F-BAFB-A07ABB13A36D}.Debug|x64.ActiveCfg = Debug|x64
		{1C3D4778-0CDA-4D2F-BAFB-A07ABB13A36D}.Debug|x64.Build.0 = Debug|x64
		{1C3D4778-0CDA-4D2F-BAFB-A07ABB13A36D}.Debug|x86.ActiveCfg = Debug|Win32
		{1C3D4778-0CDA-4D2F-BAFB-A07ABB13A36D}.Debug|x86.Build.0 = Debug|Win32
		{1C3D4778-0CDA-4D2F-BAFB-A07ABB13A36D}.Release|x64.ActiveCfg = Release|x64
		{1C3D4778-0CDA-4D2F-BAFB-A07ABB13A36D}.Release|x64.Build.0 = Release|x64
		{1C3D4778-0CDA-4D2F-BAFB-A07ABB13A36D}.Release|x86.ActiveCfg = Release|Win32
		{1C3D4778-0CDA-4D2F-BAFB-A07ABB13A36D}.Release|x86.Build.0 = Release|Win32
		{68B72276-435F-4D34-9A0F-FCC0857AE42E}.Debug|x64.ActiveCfg = Debug|x64
		{68B72276-435F-4D34-9A0F-FCC0857AE42E}.Debug|x64.Build.0 = Debug|x64
		{68B72276-435F-4D34-9A0F-FCC0857AE42E}.Debug|x86.ActiveCfg = Debug|Win32
		{68B72276-435F-4D34-9A0F-FCC0857AE42E}.Debug|x86.Build.0 = Debug|Win32
		{68B72276-435F-4D34-9A0F-FCC0857AE42E}.Release|x64.ActiveCfg = Release|x64
		{68B72276-435F-4D34-9A0F-FCC0857AE42E}.Release|x64.Build.0 = Release|x64
		{68B72276-435F-4D34-9A0F-FCC0857AE42E}.Release|x86.ActiveCfg = Release|Win32
		{68B72276-435F-4D34-9A0F-FCC0857AE42E}.Release|x86.Build.0 = Release|Win32
		{C613CF70-BCEB-4E00-9123-A9193B0ACF29}.Debug|x64.ActiveCfg = Debug|x64
		{C613CF70-BCEB-4E00-9123-A9193B0ACF29}.Debug|x64.Build.0 = Debug|x64
		{C613CF70-BCEB-4E00-9123-A9193B0ACF29}.Debug|x86.ActiveCfg = Debug|Win32
		{C613CF70-BCEB-4E00-9123-A9193B0ACF29}.Debug|x86.Build.0 = Debug|Win32
		{C613CF70-BCEB-4E00-9123-A9193B0ACF29}.Release|x64.ActiveCfg = Release|x64
		{C613CF70-BCEB-4E00-9123-A9193B0ACF29}.Release|x64.Build.0 = Release|x64
		{C613CF70-BCEB-4E00-9123-A9193B0ACF29}.Release|x86.ActiveCfg = Release|Win32
		{C613CF70-BCEB-4E00-9123-A9193B0ACF29}.Release|x86.Build.0 = Release|Win32
		{10EFEF0D-E741-439B-9E8A-2CE87B432E55}.Debug|x64.ActiveCfg = Debug|x64
		{10EFEF0D-E741-439B-9E8A-2CE87B432E55}.Debug|x64.Build.0 = Debug|x64
		{10EFEF0D-E741-439B-9E8A-2CE87B432E55}.Debug|x86.ActiveCfg = Debug|Win32
		{10EFEF0D-E741-439B-9E8A-2CE87B432E55}.Debug|x86.Build.0 = Debug|Win32
		{10EFEF0D-E741-439B-9E8A-2CE87B432E55}.Release|x64.ActiveCfg = Release|x64
		{10EFEF0D-E741-439B-9E8A-2CE87B432E55}.Release|x64.Build.0 = Release|x64
		{10EFEF0D-E741-439B-9E8A-2CE87B432E55}.Release|x86.ActiveCfg = Release|Win32
		{10EFEF0D-E741-439B-9E8A-2CE87B432E55}.Release|x86.Build.0 = Release|Win32
		{975AD2BF-F226-461E-A963-41584172ACDE}.Debug|x64.ActiveCfg = Debug|x64
		{975AD2BF-F226-461E-A963-41584172ACDE}.Debug|x64.Build.0 = Debug|x64
		{975AD2BF-F226-461E-A963-41584172ACDE}.Debug|x86.ActiveCfg = Debug|Win32
		{975AD2BF-F226-461E-A963-41584172ACDE}.Debug|x86.Build.0 = Debug|Win32
		{975AD2BF-F226-461E-A963-41584172ACDE}.Release|x64.ActiveCfg = Release|x64
		{975AD2BF-F226-461E-A963-41584172ACDE}.Release|x64.Build.0 = Release|x64
		{975AD2BF-F226-461E-A963-41584172ACDE}.Release|x86.ActiveCfg = Release|Win32
		{975AD2BF-F226-461E-A963-41584172ACDE}.Release|x86.Build.0 = Release|Win32
		{02BDB9B5-DB03-4A54-888E-3946D9162D62}.Debug|x64.ActiveCfg = Debug|x64
		{02BDB9B5-DB03-4A54-888E-3946D9162D62}.Debug|x64.Build.0 = Debug|x64
		{02BDB9B5-DB03-4A54-888E-3946D9162D62}.Debug|x86.ActiveCfg = Debug|Win32
		{02BDB9B5-DB03-4A54-888E-3946D9162D62}.Debug|x86.Build.0 = Debug|Win32
		{02BDB9B5-DB03-4A54-888E-3946D9162D62}.Release|x64.ActiveCfg = Release|x64
		{02BDB9B5-DB03-4A54-888E-3946D9162D62}.Release|x64.Build.0 = Release|x64
		{02BDB9B5-DB03-4A54-888E-3946D9162D62}.Release|x86.ActiveCfg = Release|Win32
		{02BDB9B5-DB03-4A54-888E-3946D9162D62}.Release|x86.Build.0 = Release|Win32
		{3A321E30-BD40-4D3E-9EDC-4BCC9B2B4752}.Debug|x64.ActiveCfg = Debug|x64
		{3A321E30-BD40-4D3E-9EDC-4BCC9B2B4752}.Debug|x64.Build.0 = Debug|x64
		{3A321E30-BD40-4D3E-9EDC-4BCC9B2B4752}.Debug|x86.ActiveCfg = Debug|Win32
		{3A321E30-BD40-4D3E-9EDC-4BCC9B2B4752}.Debug|x86.Build.0 = Debug|Win32
		{3A321E30-BD40-4D3E-9EDC-4BCC9B2B4752}.Release|x64.ActiveCfg = Release|x64
		{3A321E30-BD40-4D3E-9EDC-4BCC9B2B4752}.Release|x64.Build.0 = Release|x64
		{3A321E30-BD40-4D3E-9EDC-4BCC9B2B4752}.Release|x86.ActiveCfg = Release|Win32
		{3A321E30-BD40-4D3E-9EDC-4BCC9B2B4752}.Release|x86.Build.0 = Release|Win32
		{C65568EA-5EFB-4BC8-B1E4-515EE5CA0ACE}.Debug|x64.ActiveCfg = Debug|x64
		{C65568EA-5EFB-4BC8-B1E4-515EE5CA0ACE}.Debug|x64.Build.0 = Debug|x64
		{C65568EA-5EFB-4BC8-B1E4-515EE5CA0ACE}.Debug|x86.ActiveCfg = Debug|Win32
		{C65568EA-5EFB-4BC8-B1E4-515EE5CA0ACE}.Debug|x86.Build.0 = Debug|Win32
		{C65568EA-5EFB-4BC8-B1E4-515EE5CA0ACE}.Release|x64.ActiveCfg = Release|x64
		{C65568EA-5EFB-4BC8-B1E4-515EE5CA0ACE}.Release|x64.Build.0 = Release|x64
		{C65568EA-5EFB-4BC8-B1E4-515EE5CA0ACE}.Release|x86.ActiveCfg = Release|Win32
		{C65568EA-5EFB-4BC8-B1E4-515EE5CA0ACE}.Release|x86.Build.0 = Release|Win32
		{A366C2DE-2848-4D39-82A0-C5AEBF055D95}.Debug|x64.ActiveCfg = Debug|x64
		{A366C2DE-2848-4D39-82A0-C5AEBF055D95}.Debug|x64.Build.0 = Debug|x64
		{A366C2DE-2848-4D39-82A0-C5AEBF055D95}.Debug|x86.ActiveCfg = Debug|Win32
		{A366C2DE-2848-4D39-82A0-C5AEBF055D95}.Debug|x86.Build.0 = Debug|Win32
		{A366C2DE-2848-4D39-82A0-C5AEBF055D95}.Release|x64.ActiveCfg = Release|x64
		{A366C2DE-2848-4D39-82A0-C5AEBF055D95}.Release|x64.Build.0 = Release|x64
		{A366C2DE-2848-4D39-82A0-C5AEBF055D95}.Release|x86.ActiveCfg = Release|Win32
		{A366C2DE-2848-4D39-82A0-C5AEBF055D95}.Release|x86.Build.0 = Release|Win32
		{8D2C1B25-A0DD-420D-86BE-DE8A2A19C65C}.Debug|x64.ActiveCfg = Debug|x64
		{8D2C1B25-A0DD-420D-86BE-DE8A2A19C65C}.Debug|x64.Build.0 = Debug|x64
		{8D2C1B25-A0DD-420D-86BE-DE8A2A19C65C}.Debug|x86.ActiveCfg = Debug|Win32
		{8D2C1B25-A0DD-420D-86BE-DE8A2A19C65C}.Debug|x86.Build.0 = Debug|Win32
		{8D2C1B25-A0DD-420D-86BE-DE8A2A19C65C}.Release|x64.ActiveCfg = Release|x64
		{8D2C1B25-A0DD-420D-86BE-DE8A2A19C65C}.Release|x64.Build.0 = Release|x64
		{8D2C1B25-A0DD-420D-86BE-DE8A2A19C65C}.Release|x86.ActiveCfg = Release|Win32
		{8D2C1B25-A0DD-420D-86BE-DE8A2A19C65C}.Release|x86.Build.0 = Release|Win32
		{39E4AFAB-FCE1-4EBB-B74A-C833672C41E5}.Debug|x64.ActiveCfg = Debug|x64
		{39E4AFAB-FCE1-4EBB-B74A-C833672C41E5}.Debug|x64.Build.0 = Debug|x64
		{39E4AFAB-FCE1-4EBB-B74A-C833672C41E5}.Debug|x86.ActiveCfg = Debug|Win32
		{39E4AFAB-FCE1-4EBB-B74A-C833672C41E5}.Debug|x86.Build.0 = Debug|Win32
		{39E4AFAB-FCE1-4EBB-B74A-C833672C41E5}.Release|x64.ActiveCfg = Release|x64
		{39E4AFAB-FCE1-4EBB-B74A-C833672C41E5}.Release|x64.Build.0 = Release|x64
		{39E4AFAB-FCE1-4EBB-B74A-C833672C41E5}.Release|x86.ActiveCfg = Release|Win32
		{39E4AFAB-FCE1-4EBB-B74A-C833672C41E5}.Release|x86.Build.0 = Release|Win32
		{D5A0D3D7-BD5D-4120-B024-8F8E1DB2D308}.Debug|x64.ActiveCfg = Debug|x64
		{D5A0D3D7-BD5D-4120-B024-8F8E1DB2D308}.Debug|x64.Build.0 = Debug|x64
		{D5A0D3D7-BD5D-4120-B024-8F8E1DB2D308}.Debug|x86.ActiveCfg = Debug|Win32
		{D5A0D3D7-BD5D-4120-B024-8F8E1DB2D308}.Debug|x86.Build.0 = Debug|Win32
		{D5A0D3D7-BD5D-4120-B024-8F8E1DB2D308}.Release|x64.ActiveCfg = Release|x64
		{D5A0D3D7-BD5D-4120-B024-8F8E1DB2D308}.Release|x64.Build.0 = Release|x64
		{D5A0D3D7-BD5D-4120-B024-8F8E1DB2D308}.Release|x86.ActiveCfg = Release|Win32
		{D5A0D3D7-BD5D-4120-B024-8F8E1DB2D308}.Release|x86.Build.0 = Release|Win32
	EndGlobalSection
	GlobalSection(SolutionProperties) = preSolution
		HideSolutionNode = FALSE
	EndGlobalSection
	GlobalSection(ExtensibilityGlobals) = postSolution
		SolutionGuid = {96052932-E680-4CC2-AE2E-774CD9085C07}
	EndGlobalSection
EndGlobal
